
Microsoft Visual Studio Solution File, Format Version 12.00
# Visual Studio Version 17
VisualStudioVersion = 17.7.34003.232
MinimumVisualStudioVersion = 10.0.40219.1
Project("{FAE04EC0-301F-11D3-BF4B-00C04F79EFBC}") = "multi4-3", "multi4-3.csproj", "{EB714AA3-4798-4AD0-95CC-85B028017E1C}"
EndProject
Global
	GlobalSection(SolutionConfigurationPlatforms) = preSolution
		Debug|Any CPU = Debug|Any CPU
		Release|Any CPU = Release|Any CPU
	EndGlobalSection
	GlobalSection(ProjectConfigurationPlatforms) = postSolution
		{EB714AA3-4798-4AD0-95CC-85B028017E1C}.Debug|Any CPU.ActiveCfg = Debug|Any CPU
		{EB714AA3-4798-4AD0-95CC-85B028017E1C}.Debug|Any CPU.Build.0 = Debug|Any CPU
		{EB714AA3-4798-4AD0-95CC-85B028017E1C}.Release|Any CPU.ActiveCfg = Release|Any CPU
		{EB714AA3-4798-4AD0-95CC-85B028017E1C}.Release|Any CPU.Build.0 = Release|Any CPU
	EndGlobalSection
	GlobalSection(SolutionProperties) = preSolution
		HideSolutionNode = FALSE
	EndGlobalSection
	GlobalSection(ExtensibilityGlobals) = postSolution
		SolutionGuid = {5446E410-B956-443D-A57A-B339F61F2827}
	EndGlobalSection
EndGlobal
